Microsoft Visual Studio Solution File, Format Version 8.00
Project("{FAE04EC0-301F-11D3-BF4B-00C04F79EFBC}") = "izfree", "izfree.csproj", "{B2D1ED6A-F44A-4C77-9519-48E76DE29DDC}"
	ProjectSection(ProjectDependencies) = postProject
		{8C1404AB-29D2-496F-8283-028EC54FF9CF} = {8C1404AB-29D2-496F-8283-028EC54FF9CF}
	EndProjectSection
EndProject
Project("{8BC9CEB8-8B4A-11D0-8D11-00A0C91BC942}") = "guidgen", "..\..\data\Projects\izfree\guidgen\guidgen.vcproj", "{8C1404AB-29D2-496F-8283-028EC54FF9CF}"
	ProjectSection(ProjectDependencies) = postProject
	EndProjectSection
EndProject
Project("{8BC9CEB8-8B4A-11D0-8D11-00A0C91BC942}") = "izMonitor", "..\..\data\Projects\izfree\izMonitor\izMonitor.vcproj", "{6555E7BD-88BF-4835-A855-DB23764BB9D3}"
	ProjectSection(ProjectDependencies) = postProject
	EndProjectSection
EndProject
Project("{FAE04EC0-301F-11D3-BF4B-00C04F79EFBC}") = "MSI", "..\..\data\Projects\MSI\MSI.csproj", "{1C1D0396-A400-42A0-A2A5-5FFCC334E92F}"
	ProjectSection(ProjectDependencies) = postProject
	EndProjectSection
EndProject
Project("{FAE04EC0-301F-11D3-BF4B-00C04F79EFBC}") = "MSITest", "..\..\data\Projects\MSI\MSITest\MSITest.csproj", "{380E49E9-F07A-4831-8CA8-EFA8442585EC}"
	ProjectSection(ProjectDependencies) = postProject
	EndProjectSection
EndProject
Global
	GlobalSection(SolutionConfiguration) = preSolution
		Debug = Debug
		Release = Release
		Release MinDependency = Release MinDependency
		Release MinSize = Release MinSize
		Unicode Debug = Unicode Debug
		Unicode Release MinDependency = Unicode Release MinDependency
		Unicode Release MinSize = Unicode Release MinSize
	EndGlobalSection
	GlobalSection(ProjectConfiguration) = postSolution
		{B2D1ED6A-F44A-4C77-9519-48E76DE29DDC}.Debug.ActiveCfg = Debug|.NET
		{B2D1ED6A-F44A-4C77-9519-48E76DE29DDC}.Debug.Build.0 = Debug|.NET
		{B2D1ED6A-F44A-4C77-9519-48E76DE29DDC}.Release.ActiveCfg = Release|.NET
		{B2D1ED6A-F44A-4C77-9519-48E76DE29DDC}.Release.Build.0 = Release|.NET
		{B2D1ED6A-F44A-4C77-9519-48E76DE29DDC}.Release MinDependency.ActiveCfg = Release|.NET
		{B2D1ED6A-F44A-4C77-9519-48E76DE29DDC}.Release MinDependency.Build.0 = Release|.NET
		{B2D1ED6A-F44A-4C77-9519-48E76DE29DDC}.Release MinSize.ActiveCfg = Release|.NET
		{B2D1ED6A-F44A-4C77-9519-48E76DE29DDC}.Release MinSize.Build.0 = Release|.NET
		{B2D1ED6A-F44A-4C77-9519-48E76DE29DDC}.Unicode Debug.ActiveCfg = Debug|.NET
		{B2D1ED6A-F44A-4C77-9519-48E76DE29DDC}.Unicode Debug.Build.0 = Debug|.NET
		{B2D1ED6A-F44A-4C77-9519-48E76DE29DDC}.Unicode Release MinDependency.ActiveCfg = Release|.NET
		{B2D1ED6A-F44A-4C77-9519-48E76DE29DDC}.Unicode Release MinDependency.Build.0 = Release|.NET
		{B2D1ED6A-F44A-4C77-9519-48E76DE29DDC}.Unicode Release MinSize.ActiveCfg = Release|.NET
		{B2D1ED6A-F44A-4C77-9519-48E76DE29DDC}.Unicode Release MinSize.Build.0 = Release|.NET
		{8C1404AB-29D2-496F-8283-028EC54FF9CF}.Debug.ActiveCfg = Debug|Win32
		{8C1404AB-29D2-496F-8283-028EC54FF9CF}.Release.ActiveCfg = Unicode Release MinSize|Win32
		{8C1404AB-29D2-496F-8283-028EC54FF9CF}.Release MinDependency.ActiveCfg = Release MinDependency|Win32
		{8C1404AB-29D2-496F-8283-028EC54FF9CF}.Release MinDependency.Build.0 = Release MinDependency|Win32
		{8C1404AB-29D2-496F-8283-028EC54FF9CF}.Release MinSize.ActiveCfg = Release MinSize|Win32
		{8C1404AB-29D2-496F-8283-028EC54FF9CF}.Release MinSize.Build.0 = Release MinSize|Win32
		{8C1404AB-29D2-496F-8283-028EC54FF9CF}.Unicode Debug.ActiveCfg = Unicode Debug|Win32
		{8C1404AB-29D2-496F-8283-028EC54FF9CF}.Unicode Debug.Build.0 = Unicode Debug|Win32
		{8C1404AB-29D2-496F-8283-028EC54FF9CF}.Unicode Release MinDependency.ActiveCfg = Unicode Release MinDependency|Win32
		{8C1404AB-29D2-496F-8283-028EC54FF9CF}.Unicode Release MinDependency.Build.0 = Unicode Release MinDependency|Win32
		{8C1404AB-29D2-496F-8283-028EC54FF9CF}.Unicode Release MinSize.ActiveCfg = Unicode Release MinSize|Win32
		{8C1404AB-29D2-496F-8283-028EC54FF9CF}.Unicode Release MinSize.Build.0 = Unicode Release MinSize|Win32
		{6555E7BD-88BF-4835-A855-DB23764BB9D3}.Debug.ActiveCfg = Debug|Win32
		{6555E7BD-88BF-4835-A855-DB23764BB9D3}.Release.ActiveCfg = Unicode Release MinDependency|Win32
		{6555E7BD-88BF-4835-A855-DB23764BB9D3}.Release MinDependency.ActiveCfg = Release MinDependency|Win32
		{6555E7BD-88BF-4835-A855-DB23764BB9D3}.Release MinDependency.Build.0 = Release MinDependency|Win32
		{6555E7BD-88BF-4835-A855-DB23764BB9D3}.Release MinSize.ActiveCfg = Release MinSize|Win32
		{6555E7BD-88BF-4835-A855-DB23764BB9D3}.Release MinSize.Build.0 = Release MinSize|Win32
		{6555E7BD-88BF-4835-A855-DB23764BB9D3}.Unicode Debug.ActiveCfg = Unicode Debug|Win32
		{6555E7BD-88BF-4835-A855-DB23764BB9D3}.Unicode Debug.Build.0 = Unicode Debug|Win32
		{6555E7BD-88BF-4835-A855-DB23764BB9D3}.Unicode Release MinDependency.ActiveCfg = Unicode Release MinDependency|Win32
		{6555E7BD-88BF-4835-A855-DB23764BB9D3}.Unicode Release MinDependency.Build.0 = Unicode Release MinDependency|Win32
		{6555E7BD-88BF-4835-A855-DB23764BB9D3}.Unicode Release MinSize.ActiveCfg = Unicode Release MinSize|Win32
		{6555E7BD-88BF-4835-A855-DB23764BB9D3}.Unicode Release MinSize.Build.0 = Unicode Release MinSize|Win32
		{1C1D0396-A400-42A0-A2A5-5FFCC334E92F}.Debug.ActiveCfg = Debug|.NET
		{1C1D0396-A400-42A0-A2A5-5FFCC334E92F}.Debug.Build.0 = Debug|.NET
		{1C1D0396-A400-42A0-A2A5-5FFCC334E92F}.Release.ActiveCfg = Release|.NET
		{1C1D0396-A400-42A0-A2A5-5FFCC334E92F}.Release.Build.0 = Release|.NET
		{1C1D0396-A400-42A0-A2A5-5FFCC334E92F}.Release MinDependency.ActiveCfg = Release|.NET
		{1C1D0396-A400-42A0-A2A5-5FFCC334E92F}.Release MinDependency.Build.0 = Release|.NET
		{1C1D0396-A400-42A0-A2A5-5FFCC334E92F}.Release MinSize.ActiveCfg = Release|.NET
		{1C1D0396-A400-42A0-A2A5-5FFCC334E92F}.Release MinSize.Build.0 = Release|.NET
		{1C1D0396-A400-42A0-A2A5-5FFCC334E92F}.Unicode Debug.ActiveCfg = Debug|.NET
		{1C1D0396-A400-42A0-A2A5-5FFCC334E92F}.Unicode Debug.Build.0 = Debug|.NET
		{1C1D0396-A400-42A0-A2A5-5FFCC334E92F}.Unicode Release MinDependency.ActiveCfg = Release|.NET
		{1C1D0396-A400-42A0-A2A5-5FFCC334E92F}.Unicode Release MinDependency.Build.0 = Release|.NET
		{1C1D0396-A400-42A0-A2A5-5FFCC334E92F}.Unicode Release MinSize.ActiveCfg = Release|.NET
		{1C1D0396-A400-42A0-A2A5-5FFCC334E92F}.Unicode Release MinSize.Build.0 = Release|.NET
		{380E49E9-F07A-4831-8CA8-EFA8442585EC}.Debug.ActiveCfg = Debug|.NET
		{380E49E9-F07A-4831-8CA8-EFA8442585EC}.Debug.Build.0 = Debug|.NET
		{380E49E9-F07A-4831-8CA8-EFA8442585EC}.Release.ActiveCfg = Release|.NET
		{380E49E9-F07A-4831-8CA8-EFA8442585EC}.Release.Build.0 = Release|.NET
		{380E49E9-F07A-4831-8CA8-EFA8442585EC}.Release MinDependency.ActiveCfg = Release|.NET
		{380E49E9-F07A-4831-8CA8-EFA8442585EC}.Release MinDependency.Build.0 = Release|.NET
		{380E49E9-F07A-4831-8CA8-EFA8442585EC}.Release MinSize.ActiveCfg = Release|.NET
		{380E49E9-F07A-4831-8CA8-EFA8442585EC}.Release MinSize.Build.0 = Release|.NET
		{380E49E9-F07A-4831-8CA8-EFA8442585EC}.Unicode Debug.ActiveCfg = Debug|.NET
		{380E49E9-F07A-4831-8CA8-EFA8442585EC}.Unicode Debug.Build.0 = Debug|.NET
		{380E49E9-F07A-4831-8CA8-EFA8442585EC}.Unicode Release MinDependency.ActiveCfg = Release|.NET
		{380E49E9-F07A-4831-8CA8-EFA8442585EC}.Unicode Release MinDependency.Build.0 = Release|.NET
		{380E49E9-F07A-4831-8CA8-EFA8442585EC}.Unicode Release MinSize.ActiveCfg = Release|.NET
		{380E49E9-F07A-4831-8CA8-EFA8442585EC}.Unicode Release MinSize.Build.0 = Release|.NET
	EndGlobalSection
	GlobalSection(SolutionItems) = postSolution
		..\..\data\Projects\izfree\ATLRegistration.html = ..\..\data\Projects\izfree\ATLRegistration.html
		..\..\data\Projects\izfree\COMRegistration.html = ..\..\data\Projects\izfree\COMRegistration.html
		..\..\data\Projects\izfree\EditDialog.html = ..\..\data\Projects\izfree\EditDialog.html
		..\..\data\Projects\izfree\help.html = ..\..\data\Projects\izfree\help.html
		..\..\data\Projects\izfree\izfree.css = ..\..\data\Projects\izfree\izfree.css
		..\..\data\Projects\izfree\izfree.hta = ..\..\data\Projects\izfree\izfree.hta
		..\..\data\Projects\izfree\izfree.vbs = ..\..\data\Projects\izfree\izfree.vbs
		..\..\data\Projects\izfree\LaunchFile.html = ..\..\data\Projects\izfree\LaunchFile.html
		..\..\data\Projects\izfree\license.txt = ..\..\data\Projects\izfree\license.txt
		..\..\data\Projects\izfree\MergeModule.html = ..\..\data\Projects\izfree\MergeModule.html
		..\..\data\Projects\izfree\NewComponents.html = ..\..\data\Projects\izfree\NewComponents.html
		..\..\data\Projects\izfree\NewPackage.html = ..\..\data\Projects\izfree\NewPackage.html
		..\..\data\Projects\izfree\Policies.html = ..\..\data\Projects\izfree\Policies.html
		..\..\data\Projects\izfree\PreviewDialogs.html = ..\..\data\Projects\izfree\PreviewDialogs.html
		..\..\data\Projects\izfree\ReadMe.txt = ..\..\data\Projects\izfree\ReadMe.txt
		..\..\data\Projects\izfree\ValidateTable.html = ..\..\data\Projects\izfree\ValidateTable.html
	EndGlobalSection
	GlobalSection(ExtensibilityGlobals) = postSolution
	EndGlobalSection
	GlobalSection(ExtensibilityAddIns) = postSolution
	EndGlobalSection
EndGlobal
