Microsoft Visual Studio Solution File, Format Version 8.00
Project("{8BC9CEB8-8B4A-11D0-8D11-00A0C91BC942}") = "guidgen", "guidgen\guidgen.vcproj", "{8C1404AB-29D2-496F-8283-028EC54FF9CF}"
	ProjectSection(ProjectDependencies) = postProject
	EndProjectSection
EndProject
Project("{8BC9CEB8-8B4A-11D0-8D11-00A0C91BC942}") = "izMonitor", "izMonitor\izMonitor.vcproj", "{6555E7BD-88BF-4835-A855-DB23764BB9D3}"
	ProjectSection(ProjectDependencies) = postProject
	EndProjectSection
EndProject
Project("{FAE04EC0-301F-11D3-BF4B-00C04F79EFBC}") = "Pahvant.MSI.Interop", "MSI.Interop\Pahvant.MSI.Interop.csproj", "{1C1D0396-A400-42A0-A2A5-5FFCC334E92F}"
	ProjectSection(ProjectDependencies) = postProject
	EndProjectSection
EndProject
Project("{FAE04EC0-301F-11D3-BF4B-00C04F79EFBC}") = "IzFree", "IzFree\IzFree.csproj", "{B2D1ED6A-F44A-4C77-9519-48E76DE29DDC}"
	ProjectSection(ProjectDependencies) = postProject
		{8C1404AB-29D2-496F-8283-028EC54FF9CF} = {8C1404AB-29D2-496F-8283-028EC54FF9CF}
		{6555E7BD-88BF-4835-A855-DB23764BB9D3} = {6555E7BD-88BF-4835-A855-DB23764BB9D3}
	EndProjectSection
EndProject
Project("{FAE04EC0-301F-11D3-BF4B-00C04F79EFBC}") = "MSITest", "MSI.Interop\MSITest\MSITest.csproj", "{380E49E9-F07A-4831-8CA8-EFA8442585EC}"
	ProjectSection(ProjectDependencies) = postProject
	EndProjectSection
EndProject
Project("{FAE04EC0-301F-11D3-BF4B-00C04F79EFBC}") = "Pahvant.Excluder", "Pahvant.Excluder\Pahvant.Excluder.csproj", "{BBEFB504-E018-40B6-8EF8-E1925372DED8}"
	ProjectSection(ProjectDependencies) = postProject
	EndProjectSection
EndProject
Project("{54435603-DBB4-11D2-8724-00A0C9A8B90C}") = "Pahvant.Excluder.Setup", "Pahvant.Excluder\Pahvant.Excluder.Setup\Pahvant.Excluder.Setup.vdproj", "{4D0623C9-E363-488C-8CF0-83D3C3456359}"
	ProjectSection(ProjectDependencies) = postProject
	EndProjectSection
EndProject
Global
	GlobalSection(SolutionConfiguration) = preSolution
		Debug = Debug
		Release = Release
		Release MinDependency = Release MinDependency
		Release MinSize = Release MinSize
		Unicode Debug = Unicode Debug
		Unicode Release MinDependency = Unicode Release MinDependency
		Unicode Release MinSize = Unicode Release MinSize
	EndGlobalSection
	GlobalSection(ProjectConfiguration) = postSolution
		{8C1404AB-29D2-496F-8283-028EC54FF9CF}.Debug.ActiveCfg = Debug|Win32
		{8C1404AB-29D2-496F-8283-028EC54FF9CF}.Debug.Build.0 = Debug|Win32
		{8C1404AB-29D2-496F-8283-028EC54FF9CF}.Release.ActiveCfg = Unicode Release MinSize|Win32
		{8C1404AB-29D2-496F-8283-028EC54FF9CF}.Release.Build.0 = Unicode Release MinSize|Win32
		{8C1404AB-29D2-496F-8283-028EC54FF9CF}.Release MinDependency.ActiveCfg = Release MinDependency|Win32
		{8C1404AB-29D2-496F-8283-028EC54FF9CF}.Release MinDependency.Build.0 = Release MinDependency|Win32
		{8C1404AB-29D2-496F-8283-028EC54FF9CF}.Release MinSize.ActiveCfg = Release MinSize|Win32
		{8C1404AB-29D2-496F-8283-028EC54FF9CF}.Release MinSize.Build.0 = Release MinSize|Win32
		{8C1404AB-29D2-496F-8283-028EC54FF9CF}.Unicode Debug.ActiveCfg = Unicode Debug|Win32
		{8C1404AB-29D2-496F-8283-028EC54FF9CF}.Unicode Debug.Build.0 = Unicode Debug|Win32
		{8C1404AB-29D2-496F-8283-028EC54FF9CF}.Unicode Release MinDependency.ActiveCfg = Unicode Release MinDependency|Win32
		{8C1404AB-29D2-496F-8283-028EC54FF9CF}.Unicode Release MinDependency.Build.0 = Unicode Release MinDependency|Win32
		{8C1404AB-29D2-496F-8283-028EC54FF9CF}.Unicode Release MinSize.ActiveCfg = Unicode Release MinSize|Win32
		{8C1404AB-29D2-496F-8283-028EC54FF9CF}.Unicode Release MinSize.Build.0 = Unicode Release MinSize|Win32
		{6555E7BD-88BF-4835-A855-DB23764BB9D3}.Debug.ActiveCfg = Debug|Win32
		{6555E7BD-88BF-4835-A855-DB23764BB9D3}.Debug.Build.0 = Debug|Win32
		{6555E7BD-88BF-4835-A855-DB23764BB9D3}.Release.ActiveCfg = Unicode Release MinDependency|Win32
		{6555E7BD-88BF-4835-A855-DB23764BB9D3}.Release.Build.0 = Unicode Release MinDependency|Win32
		{6555E7BD-88BF-4835-A855-DB23764BB9D3}.Release MinDependency.ActiveCfg = Release MinDependency|Win32
		{6555E7BD-88BF-4835-A855-DB23764BB9D3}.Release MinDependency.Build.0 = Release MinDependency|Win32
		{6555E7BD-88BF-4835-A855-DB23764BB9D3}.Release MinSize.ActiveCfg = Release MinSize|Win32
		{6555E7BD-88BF-4835-A855-DB23764BB9D3}.Release MinSize.Build.0 = Release MinSize|Win32
		{6555E7BD-88BF-4835-A855-DB23764BB9D3}.Unicode Debug.ActiveCfg = Unicode Debug|Win32
		{6555E7BD-88BF-4835-A855-DB23764BB9D3}.Unicode Debug.Build.0 = Unicode Debug|Win32
		{6555E7BD-88BF-4835-A855-DB23764BB9D3}.Unicode Release MinDependency.ActiveCfg = Unicode Release MinDependency|Win32
		{6555E7BD-88BF-4835-A855-DB23764BB9D3}.Unicode Release MinDependency.Build.0 = Unicode Release MinDependency|Win32
		{6555E7BD-88BF-4835-A855-DB23764BB9D3}.Unicode Release MinSize.ActiveCfg = Unicode Release MinSize|Win32
		{6555E7BD-88BF-4835-A855-DB23764BB9D3}.Unicode Release MinSize.Build.0 = Unicode Release MinSize|Win32
		{1C1D0396-A400-42A0-A2A5-5FFCC334E92F}.Debug.ActiveCfg = Debug|.NET
		{1C1D0396-A400-42A0-A2A5-5FFCC334E92F}.Debug.Build.0 = Debug|.NET
		{1C1D0396-A400-42A0-A2A5-5FFCC334E92F}.Release.ActiveCfg = Release|.NET
		{1C1D0396-A400-42A0-A2A5-5FFCC334E92F}.Release.Build.0 = Release|.NET
		{1C1D0396-A400-42A0-A2A5-5FFCC334E92F}.Release MinDependency.ActiveCfg = Release|.NET
		{1C1D0396-A400-42A0-A2A5-5FFCC334E92F}.Release MinDependency.Build.0 = Release|.NET
		{1C1D0396-A400-42A0-A2A5-5FFCC334E92F}.Release MinSize.ActiveCfg = Release|.NET
		{1C1D0396-A400-42A0-A2A5-5FFCC334E92F}.Release MinSize.Build.0 = Release|.NET
		{1C1D0396-A400-42A0-A2A5-5FFCC334E92F}.Unicode Debug.ActiveCfg = Debug|.NET
		{1C1D0396-A400-42A0-A2A5-5FFCC334E92F}.Unicode Debug.Build.0 = Debug|.NET
		{1C1D0396-A400-42A0-A2A5-5FFCC334E92F}.Unicode Release MinDependency.ActiveCfg = Release|.NET
		{1C1D0396-A400-42A0-A2A5-5FFCC334E92F}.Unicode Release MinDependency.Build.0 = Release|.NET
		{1C1D0396-A400-42A0-A2A5-5FFCC334E92F}.Unicode Release MinSize.ActiveCfg = Release|.NET
		{1C1D0396-A400-42A0-A2A5-5FFCC334E92F}.Unicode Release MinSize.Build.0 = Release|.NET
		{B2D1ED6A-F44A-4C77-9519-48E76DE29DDC}.Debug.ActiveCfg = Debug|.NET
		{B2D1ED6A-F44A-4C77-9519-48E76DE29DDC}.Debug.Build.0 = Debug|.NET
		{B2D1ED6A-F44A-4C77-9519-48E76DE29DDC}.Release.ActiveCfg = Release|.NET
		{B2D1ED6A-F44A-4C77-9519-48E76DE29DDC}.Release.Build.0 = Release|.NET
		{B2D1ED6A-F44A-4C77-9519-48E76DE29DDC}.Release MinDependency.ActiveCfg = Release|.NET
		{B2D1ED6A-F44A-4C77-9519-48E76DE29DDC}.Release MinDependency.Build.0 = Release|.NET
		{B2D1ED6A-F44A-4C77-9519-48E76DE29DDC}.Release MinSize.ActiveCfg = Release|.NET
		{B2D1ED6A-F44A-4C77-9519-48E76DE29DDC}.Release MinSize.Build.0 = Release|.NET
		{B2D1ED6A-F44A-4C77-9519-48E76DE29DDC}.Unicode Debug.ActiveCfg = Debug|.NET
		{B2D1ED6A-F44A-4C77-9519-48E76DE29DDC}.Unicode Debug.Build.0 = Debug|.NET
		{B2D1ED6A-F44A-4C77-9519-48E76DE29DDC}.Unicode Release MinDependency.ActiveCfg = Release|.NET
		{B2D1ED6A-F44A-4C77-9519-48E76DE29DDC}.Unicode Release MinDependency.Build.0 = Release|.NET
		{B2D1ED6A-F44A-4C77-9519-48E76DE29DDC}.Unicode Release MinSize.ActiveCfg = Release|.NET
		{B2D1ED6A-F44A-4C77-9519-48E76DE29DDC}.Unicode Release MinSize.Build.0 = Release|.NET
		{380E49E9-F07A-4831-8CA8-EFA8442585EC}.Debug.ActiveCfg = Debug|.NET
		{380E49E9-F07A-4831-8CA8-EFA8442585EC}.Debug.Build.0 = Debug|.NET
		{380E49E9-F07A-4831-8CA8-EFA8442585EC}.Release.ActiveCfg = Release|.NET
		{380E49E9-F07A-4831-8CA8-EFA8442585EC}.Release.Build.0 = Release|.NET
		{380E49E9-F07A-4831-8CA8-EFA8442585EC}.Release MinDependency.ActiveCfg = Release|.NET
		{380E49E9-F07A-4831-8CA8-EFA8442585EC}.Release MinDependency.Build.0 = Release|.NET
		{380E49E9-F07A-4831-8CA8-EFA8442585EC}.Release MinSize.ActiveCfg = Release|.NET
		{380E49E9-F07A-4831-8CA8-EFA8442585EC}.Release MinSize.Build.0 = Release|.NET
		{380E49E9-F07A-4831-8CA8-EFA8442585EC}.Unicode Debug.ActiveCfg = Debug|.NET
		{380E49E9-F07A-4831-8CA8-EFA8442585EC}.Unicode Debug.Build.0 = Debug|.NET
		{380E49E9-F07A-4831-8CA8-EFA8442585EC}.Unicode Release MinDependency.ActiveCfg = Release|.NET
		{380E49E9-F07A-4831-8CA8-EFA8442585EC}.Unicode Release MinDependency.Build.0 = Release|.NET
		{380E49E9-F07A-4831-8CA8-EFA8442585EC}.Unicode Release MinSize.ActiveCfg = Release|.NET
		{380E49E9-F07A-4831-8CA8-EFA8442585EC}.Unicode Release MinSize.Build.0 = Release|.NET
		{BBEFB504-E018-40B6-8EF8-E1925372DED8}.Debug.ActiveCfg = Debug|.NET
		{BBEFB504-E018-40B6-8EF8-E1925372DED8}.Debug.Build.0 = Debug|.NET
		{BBEFB504-E018-40B6-8EF8-E1925372DED8}.Release.ActiveCfg = Release|.NET
		{BBEFB504-E018-40B6-8EF8-E1925372DED8}.Release.Build.0 = Release|.NET
		{BBEFB504-E018-40B6-8EF8-E1925372DED8}.Release MinDependency.ActiveCfg = Release|.NET
		{BBEFB504-E018-40B6-8EF8-E1925372DED8}.Release MinDependency.Build.0 = Release|.NET
		{BBEFB504-E018-40B6-8EF8-E1925372DED8}.Release MinSize.ActiveCfg = Release|.NET
		{BBEFB504-E018-40B6-8EF8-E1925372DED8}.Release MinSize.Build.0 = Release|.NET
		{BBEFB504-E018-40B6-8EF8-E1925372DED8}.Unicode Debug.ActiveCfg = Debug|.NET
		{BBEFB504-E018-40B6-8EF8-E1925372DED8}.Unicode Debug.Build.0 = Debug|.NET
		{BBEFB504-E018-40B6-8EF8-E1925372DED8}.Unicode Release MinDependency.ActiveCfg = Release|.NET
		{BBEFB504-E018-40B6-8EF8-E1925372DED8}.Unicode Release MinDependency.Build.0 = Release|.NET
		{BBEFB504-E018-40B6-8EF8-E1925372DED8}.Unicode Release MinSize.ActiveCfg = Release|.NET
		{BBEFB504-E018-40B6-8EF8-E1925372DED8}.Unicode Release MinSize.Build.0 = Release|.NET
		{4D0623C9-E363-488C-8CF0-83D3C3456359}.Debug.ActiveCfg = Debug
		{4D0623C9-E363-488C-8CF0-83D3C3456359}.Debug.Build.0 = Debug
		{4D0623C9-E363-488C-8CF0-83D3C3456359}.Release.ActiveCfg = Release
		{4D0623C9-E363-488C-8CF0-83D3C3456359}.Release.Build.0 = Release
		{4D0623C9-E363-488C-8CF0-83D3C3456359}.Release MinDependency.ActiveCfg = Release
		{4D0623C9-E363-488C-8CF0-83D3C3456359}.Release MinDependency.Build.0 = Release
		{4D0623C9-E363-488C-8CF0-83D3C3456359}.Release MinSize.ActiveCfg = Release
		{4D0623C9-E363-488C-8CF0-83D3C3456359}.Release MinSize.Build.0 = Release
		{4D0623C9-E363-488C-8CF0-83D3C3456359}.Unicode Debug.ActiveCfg = Debug
		{4D0623C9-E363-488C-8CF0-83D3C3456359}.Unicode Debug.Build.0 = Debug
		{4D0623C9-E363-488C-8CF0-83D3C3456359}.Unicode Release MinDependency.ActiveCfg = Release
		{4D0623C9-E363-488C-8CF0-83D3C3456359}.Unicode Release MinDependency.Build.0 = Release
		{4D0623C9-E363-488C-8CF0-83D3C3456359}.Unicode Release MinSize.ActiveCfg = Release
		{4D0623C9-E363-488C-8CF0-83D3C3456359}.Unicode Release MinSize.Build.0 = Release
	EndGlobalSection
	GlobalSection(SolutionItems) = postSolution
		ATLRegistration.html = ATLRegistration.html
		COMRegistration.html = COMRegistration.html
		help.html = help.html
		izfree.hta = izfree.hta
		izfree.vbs = izfree.vbs
		MergeModule.html = MergeModule.html
		NewComponents.html = NewComponents.html
		ReadMe.txt = ReadMe.txt
		ValidateTable.html = ValidateTable.html
	EndGlobalSection
	GlobalSection(ExtensibilityGlobals) = postSolution
	EndGlobalSection
	GlobalSection(ExtensibilityAddIns) = postSolution
	EndGlobalSection
EndGlobal
